
Microsoft Visual Studio Solution File, Format Version 12.00
# Visual Studio 15
VisualStudioVersion = 15.0.27428.2002
MinimumVisualStudioVersion = 10.0.40219.1
Project("{8BC9CEB8-8B4A-11D0-8D11-00A0C91BC942}") = "ex_004", "ex_004\ex_004.vcxproj", "{D207C401-5EBB-4E09-9B46-816E3EBF4B12}"
EndProject
Project("{8BC9CEB8-8B4A-11D0-8D11-00A0C91BC942}") = "ex_004_solucao", "ex_004_solucao\ex_004_solucao.vcxproj", "{E2A8E582-EC53-4950-9435-4DE022C09860}"
EndProject
Project("{8BC9CEB8-8B4A-11D0-8D11-00A0C91BC942}") = "ex_005", "ex_005\ex_005.vcxproj", "{CA2733B2-5EDF-4B1C-B44A-718F682EB7B2}"
EndProject
Project("{8BC9CEB8-8B4A-11D0-8D11-00A0C91BC942}") = "ex_006", "ex_006\ex_006.vcxproj", "{C2948F74-E52B-4D6E-8A99-4227F20A0A4B}"
EndProject
Project("{8BC9CEB8-8B4A-11D0-8D11-00A0C91BC942}") = "ex_007", "ex_007\ex_007.vcxproj", "{95E27C01-C858-47CA-A2E5-1D43CC0E519A}"
EndProject
Project("{8BC9CEB8-8B4A-11D0-8D11-00A0C91BC942}") = "ex_008", "ex_008\ex_008.vcxproj", "{3C5AEC13-7754-4E19-BE43-3BA195493971}"
EndProject
Project("{8BC9CEB8-8B4A-11D0-8D11-00A0C91BC942}") = "format_double", "format_double\format_double.vcxproj", "{2F0D88BB-29FD-4F2F-B7AA-1AB4DAAAEF59}"
EndProject
Global
	GlobalSection(SolutionConfigurationPlatforms) = preSolution
		Debug|x64 = Debug|x64
		Debug|x86 = Debug|x86
		Release|x64 = Release|x64
		Release|x86 = Release|x86
	EndGlobalSection
	GlobalSection(ProjectConfigurationPlatforms) = postSolution
		{D207C401-5EBB-4E09-9B46-816E3EBF4B12}.Debug|x64.ActiveCfg = Debug|x64
		{D207C401-5EBB-4E09-9B46-816E3EBF4B12}.Debug|x64.Build.0 = Debug|x64
		{D207C401-5EBB-4E09-9B46-816E3EBF4B12}.Debug|x86.ActiveCfg = Debug|Win32
		{D207C401-5EBB-4E09-9B46-816E3EBF4B12}.Debug|x86.Build.0 = Debug|Win32
		{D207C401-5EBB-4E09-9B46-816E3EBF4B12}.Release|x64.ActiveCfg = Release|x64
		{D207C401-5EBB-4E09-9B46-816E3EBF4B12}.Release|x64.Build.0 = Release|x64
		{D207C401-5EBB-4E09-9B46-816E3EBF4B12}.Release|x86.ActiveCfg = Release|Win32
		{D207C401-5EBB-4E09-9B46-816E3EBF4B12}.Release|x86.Build.0 = Release|Win32
		{E2A8E582-EC53-4950-9435-4DE022C09860}.Debug|x64.ActiveCfg = Debug|x64
		{E2A8E582-EC53-4950-9435-4DE022C09860}.Debug|x64.Build.0 = Debug|x64
		{E2A8E582-EC53-4950-9435-4DE022C09860}.Debug|x86.ActiveCfg = Debug|Win32
		{E2A8E582-EC53-4950-9435-4DE022C09860}.Debug|x86.Build.0 = Debug|Win32
		{E2A8E582-EC53-4950-9435-4DE022C09860}.Release|x64.ActiveCfg = Release|x64
		{E2A8E582-EC53-4950-9435-4DE022C09860}.Release|x64.Build.0 = Release|x64
		{E2A8E582-EC53-4950-9435-4DE022C09860}.Release|x86.ActiveCfg = Release|Win32
		{E2A8E582-EC53-4950-9435-4DE022C09860}.Release|x86.Build.0 = Release|Win32
		{CA2733B2-5EDF-4B1C-B44A-718F682EB7B2}.Debug|x64.ActiveCfg = Debug|x64
		{CA2733B2-5EDF-4B1C-B44A-718F682EB7B2}.Debug|x64.Build.0 = Debug|x64
		{CA2733B2-5EDF-4B1C-B44A-718F682EB7B2}.Debug|x86.ActiveCfg = Debug|Win32
		{CA2733B2-5EDF-4B1C-B44A-718F682EB7B2}.Debug|x86.Build.0 = Debug|Win32
		{CA2733B2-5EDF-4B1C-B44A-718F682EB7B2}.Release|x64.ActiveCfg = Release|x64
		{CA2733B2-5EDF-4B1C-B44A-718F682EB7B2}.Release|x64.Build.0 = Release|x64
		{CA2733B2-5EDF-4B1C-B44A-718F682EB7B2}.Release|x86.ActiveCfg = Release|Win32
		{CA2733B2-5EDF-4B1C-B44A-718F682EB7B2}.Release|x86.Build.0 = Release|Win32
		{C2948F74-E52B-4D6E-8A99-4227F20A0A4B}.Debug|x64.ActiveCfg = Debug|x64
		{C2948F74-E52B-4D6E-8A99-4227F20A0A4B}.Debug|x64.Build.0 = Debug|x64
		{C2948F74-E52B-4D6E-8A99-4227F20A0A4B}.Debug|x86.ActiveCfg = Debug|Win32
		{C2948F74-E52B-4D6E-8A99-4227F20A0A4B}.Debug|x86.Build.0 = Debug|Win32
		{C2948F74-E52B-4D6E-8A99-4227F20A0A4B}.Release|x64.ActiveCfg = Release|x64
		{C2948F74-E52B-4D6E-8A99-4227F20A0A4B}.Release|x64.Build.0 = Release|x64
		{C2948F74-E52B-4D6E-8A99-4227F20A0A4B}.Release|x86.ActiveCfg = Release|Win32
		{C2948F74-E52B-4D6E-8A99-4227F20A0A4B}.Release|x86.Build.0 = Release|Win32
		{95E27C01-C858-47CA-A2E5-1D43CC0E519A}.Debug|x64.ActiveCfg = Debug|x64
		{95E27C01-C858-47CA-A2E5-1D43CC0E519A}.Debug|x64.Build.0 = Debug|x64
		{95E27C01-C858-47CA-A2E5-1D43CC0E519A}.Debug|x86.ActiveCfg = Debug|Win32
		{95E27C01-C858-47CA-A2E5-1D43CC0E519A}.Debug|x86.Build.0 = Debug|Win32
		{95E27C01-C858-47CA-A2E5-1D43CC0E519A}.Release|x64.ActiveCfg = Release|x64
		{95E27C01-C858-47CA-A2E5-1D43CC0E519A}.Release|x64.Build.0 = Release|x64
		{95E27C01-C858-47CA-A2E5-1D43CC0E519A}.Release|x86.ActiveCfg = Release|Win32
		{95E27C01-C858-47CA-A2E5-1D43CC0E519A}.Release|x86.Build.0 = Release|Win32
		{3C5AEC13-7754-4E19-BE43-3BA195493971}.Debug|x64.ActiveCfg = Debug|x64
		{3C5AEC13-7754-4E19-BE43-3BA195493971}.Debug|x64.Build.0 = Debug|x64
		{3C5AEC13-7754-4E19-BE43-3BA195493971}.Debug|x86.ActiveCfg = Debug|Win32
		{3C5AEC13-7754-4E19-BE43-3BA195493971}.Debug|x86.Build.0 = Debug|Win32
		{3C5AEC13-7754-4E19-BE43-3BA195493971}.Release|x64.ActiveCfg = Release|x64
		{3C5AEC13-7754-4E19-BE43-3BA195493971}.Release|x64.Build.0 = Release|x64
		{3C5AEC13-7754-4E19-BE43-3BA195493971}.Release|x86.ActiveCfg = Release|Win32
		{3C5AEC13-7754-4E19-BE43-3BA195493971}.Release|x86.Build.0 = Release|Win32
		{2F0D88BB-29FD-4F2F-B7AA-1AB4DAAAEF59}.Debug|x64.ActiveCfg = Debug|x64
		{2F0D88BB-29FD-4F2F-B7AA-1AB4DAAAEF59}.Debug|x64.Build.0 = Debug|x64
		{2F0D88BB-29FD-4F2F-B7AA-1AB4DAAAEF59}.Debug|x86.ActiveCfg = Debug|Win32
		{2F0D88BB-29FD-4F2F-B7AA-1AB4DAAAEF59}.Debug|x86.Build.0 = Debug|Win32
		{2F0D88BB-29FD-4F2F-B7AA-1AB4DAAAEF59}.Release|x64.ActiveCfg = Release|x64
		{2F0D88BB-29FD-4F2F-B7AA-1AB4DAAAEF59}.Release|x64.Build.0 = Release|x64
		{2F0D88BB-29FD-4F2F-B7AA-1AB4DAAAEF59}.Release|x86.ActiveCfg = Release|Win32
		{2F0D88BB-29FD-4F2F-B7AA-1AB4DAAAEF59}.Release|x86.Build.0 = Release|Win32
	EndGlobalSection
	GlobalSection(SolutionProperties) = preSolution
		HideSolutionNode = FALSE
	EndGlobalSection
	GlobalSection(ExtensibilityGlobals) = postSolution
		SolutionGuid = {40AE1250-3127-4942-9740-A57E9B2A329E}
	EndGlobalSection
EndGlobal
